{
  "name": "@yurkimus/errors",
  "version": "0.0.1",
  "lockfileVersion": 3,
  "requires": true,
  "packages": {
    "": {
      "name": "@yurkimus/errors",
      "version": "0.0.1",
      "dependencies": {
        "@yurkimus/abort-error": "latest",
        "@yurkimus/authorization-error": "latest",
        "@yurkimus/response-error": "latest"
      }
    },
    "node_modules/@yurkimus/abort-error": {
      "version": "0.0.1",
      "resolved": "https://registry.npmjs.org/@yurkimus/abort-error/-/abort-error-0.0.1.tgz",
      "integrity": "sha512-UCHVrflMehkhDmbL1BSqYouuBABUWYycOvUoqVd22V868ivQa8/vR7A6Y09UZoPYNIXK+ZWomiHbXdaG8DV58g=="
    },
    "node_modules/@yurkimus/authorization-error": {
      "version": "0.0.1",
      "resolved": "https://registry.npmjs.org/@yurkimus/authorization-error/-/authorization-error-0.0.1.tgz",
      "integrity": "sha512-TU5JkCXFCR0i4m9fb5NqPejwrpN2/zBSMMx/DkaaNKWZAcRKVwcz18Qk6JcCgowBNhy5UyhC0uIIoKaIywkNhg=="
    },
    "node_modules/@yurkimus/response-error": {
      "version": "0.0.1",
      "resolved": "https://registry.npmjs.org/@yurkimus/response-error/-/response-error-0.0.1.tgz",
      "integrity": "sha512-7C9PJJkDZyglhcZ5aUidVBZKLv29ifSF5cEyGRcrTPkpaem1KqBtVPDm57aqA1KJWsEQni3QR63TeIJCLCQEuw=="
    }
  }
}
